
Microsoft Visual Studio Solution File, Format Version 12.00
# Visual Studio Version 17
VisualStudioVersion = 17.11.35208.52
MinimumVisualStudioVersion = 10.0.40219.1
Project("{FAE04EC0-301F-11D3-BF4B-00C04F79EFBC}") = "GiftManagement_Version2", "GiftManagement_Version2\GiftManagement_Version2.csproj", "{9973F86A-7BD9-4A41-A780-D6AF1BEDDB60}"
EndProject
Global
	GlobalSection(SolutionConfigurationPlatforms) = preSolution
		Debug|Any CPU = Debug|Any CPU
		Release|Any CPU = Release|Any CPU
	EndGlobalSection
	GlobalSection(ProjectConfigurationPlatforms) = postSolution
		{9973F86A-7BD9-4A41-A780-D6AF1BEDDB60}.Debug|Any CPU.ActiveCfg = Debug|Any CPU
		{9973F86A-7BD9-4A41-A780-D6AF1BEDDB60}.Debug|Any CPU.Build.0 = Debug|Any CPU
		{9973F86A-7BD9-4A41-A780-D6AF1BEDDB60}.Release|Any CPU.ActiveCfg = Release|Any CPU
		{9973F86A-7BD9-4A41-A780-D6AF1BEDDB60}.Release|Any CPU.Build.0 = Release|Any CPU
	EndGlobalSection
	GlobalSection(SolutionProperties) = preSolution
		HideSolutionNode = FALSE
	EndGlobalSection
	GlobalSection(ExtensibilityGlobals) = postSolution
		SolutionGuid = {3BB2874E-51F2-487E-AE74-763611DA6039}
	EndGlobalSection
EndGlobal
